Microsoft Visual Studio Solution File, Format Version 12.00
# Visual Studio Version 17
VisualStudioVersion = 17.13.35931.197
MinimumVisualStudioVersion = 10.0.40219.1
Project("{FAE04EC0-301F-11D3-BF4B-00C04F79EFBC}") = "BakemonoEgo", "BakemonoEgo\BakemonoEgo.csproj", "{FD46F394-8720-41E3-9853-5093BFF4DB32}"
EndProject
Global
	GlobalSection(SolutionConfigurationPlatforms) = preSolution
		Debug|Any CPU = Debug|Any CPU
		Release|Any CPU = Release|Any CPU
	EndGlobalSection
	GlobalSection(ProjectConfigurationPlatforms) = postSolution
		{FD46F394-8720-41E3-9853-5093BFF4DB32}.Debug|Any CPU.ActiveCfg = Debug|Any CPU
		{FD46F394-8720-41E3-9853-5093BFF4DB32}.Debug|Any CPU.Build.0 = Debug|Any CPU
		{FD46F394-8720-41E3-9853-5093BFF4DB32}.Debug|Any CPU.Deploy.0 = Debug|Any CPU
		{FD46F394-8720-41E3-9853-5093BFF4DB32}.Release|Any CPU.ActiveCfg = Release|Any CPU
		{FD46F394-8720-41E3-9853-5093BFF4DB32}.Release|Any CPU.Build.0 = Release|Any CPU
		{FD46F394-8720-41E3-9853-5093BFF4DB32}.Release|Any CPU.Deploy.0 = Release|Any CPU
	EndGlobalSection
	GlobalSection(SolutionProperties) = preSolution
		HideSolutionNode = FALSE
	EndGlobalSection
	GlobalSection(ExtensibilityGlobals) = postSolution
		SolutionGuid = {881675A7-758F-4462-AB7E-B1BC01C8E19A}
	EndGlobalSection
EndGlobal
